
Microsoft Visual Studio Solution File, Format Version 12.00
Project("{FAE04EC0-301F-11D3-BF4B-00C04F79EFBC}") = "WinPass", "WinPass\WinPass.csproj", "{4371726E-B592-438D-8C62-0BCC1DD6E45C}"
EndProject
Project("{2150E333-8FDC-42A3-9474-1A3956D46DE8}") = "Common", "Common", "{9EF1BA9B-9692-4C33-947D-C07EF66403F8}"
EndProject
Project("{FAE04EC0-301F-11D3-BF4B-00C04F79EFBC}") = "WinPass.Core", "..\common\WinPass.Core\WinPass.Core.csproj", "{A4DDF934-6BBF-4850-93D6-DCCD14C19F44}"
EndProject
Project("{FAE04EC0-301F-11D3-BF4B-00C04F79EFBC}") = "WinPass.Shared", "..\common\WinPass.Shared\WinPass.Shared.csproj", "{4A253E27-1013-4156-B147-3D9D7A91481C}"
EndProject
Global
	GlobalSection(SolutionConfigurationPlatforms) = preSolution
		Debug|Any CPU = Debug|Any CPU
		Release|Any CPU = Release|Any CPU
	EndGlobalSection
	GlobalSection(ProjectConfigurationPlatforms) = postSolution
		{4371726E-B592-438D-8C62-0BCC1DD6E45C}.Debug|Any CPU.ActiveCfg = Debug|Any CPU
		{4371726E-B592-438D-8C62-0BCC1DD6E45C}.Debug|Any CPU.Build.0 = Debug|Any CPU
		{4371726E-B592-438D-8C62-0BCC1DD6E45C}.Release|Any CPU.ActiveCfg = Release|Any CPU
		{4371726E-B592-438D-8C62-0BCC1DD6E45C}.Release|Any CPU.Build.0 = Release|Any CPU
		{A4DDF934-6BBF-4850-93D6-DCCD14C19F44}.Debug|Any CPU.ActiveCfg = Debug|Any CPU
		{A4DDF934-6BBF-4850-93D6-DCCD14C19F44}.Debug|Any CPU.Build.0 = Debug|Any CPU
		{A4DDF934-6BBF-4850-93D6-DCCD14C19F44}.Release|Any CPU.ActiveCfg = Release|Any CPU
		{A4DDF934-6BBF-4850-93D6-DCCD14C19F44}.Release|Any CPU.Build.0 = Release|Any CPU
		{4A253E27-1013-4156-B147-3D9D7A91481C}.Debug|Any CPU.ActiveCfg = Debug|Any CPU
		{4A253E27-1013-4156-B147-3D9D7A91481C}.Debug|Any CPU.Build.0 = Debug|Any CPU
		{4A253E27-1013-4156-B147-3D9D7A91481C}.Release|Any CPU.ActiveCfg = Release|Any CPU
		{4A253E27-1013-4156-B147-3D9D7A91481C}.Release|Any CPU.Build.0 = Release|Any CPU
	EndGlobalSection
	GlobalSection(NestedProjects) = preSolution
		{A4DDF934-6BBF-4850-93D6-DCCD14C19F44} = {9EF1BA9B-9692-4C33-947D-C07EF66403F8}
		{4A253E27-1013-4156-B147-3D9D7A91481C} = {9EF1BA9B-9692-4C33-947D-C07EF66403F8}
	EndGlobalSection
EndGlobal
