
Microsoft Visual Studio Solution File, Format Version 12.00
Project("{FAE04EC0-301F-11D3-BF4B-00C04F79EFBC}") = "WinPass.UI", "WinPass.UI\WinPass.UI.csproj", "{DE03F34C-17A4-435D-B41E-C3294C97CB32}"
EndProject
Project("{2150E333-8FDC-42A3-9474-1A3956D46DE8}") = "Common", "Common", "{49CECB64-3528-42B0-B8AA-E2CD8EE60A63}"
EndProject
Project("{FAE04EC0-301F-11D3-BF4B-00C04F79EFBC}") = "WinPass.Core", "..\..\common\WinPass.Core\WinPass.Core.csproj", "{8F622068-2722-4C63-B5D6-E16D39BBC32C}"
EndProject
Project("{FAE04EC0-301F-11D3-BF4B-00C04F79EFBC}") = "WinPass.Shared", "..\..\common\WinPass.Shared\WinPass.Shared.csproj", "{FBB940D3-6803-4E5B-A3F7-07057EF658EA}"
EndProject
Global
	GlobalSection(SolutionConfigurationPlatforms) = preSolution
		Debug|Any CPU = Debug|Any CPU
		Release|Any CPU = Release|Any CPU
	EndGlobalSection
	GlobalSection(ProjectConfigurationPlatforms) = postSolution
		{DE03F34C-17A4-435D-B41E-C3294C97CB32}.Debug|Any CPU.ActiveCfg = Debug|Any CPU
		{DE03F34C-17A4-435D-B41E-C3294C97CB32}.Debug|Any CPU.Build.0 = Debug|Any CPU
		{DE03F34C-17A4-435D-B41E-C3294C97CB32}.Release|Any CPU.ActiveCfg = Release|Any CPU
		{DE03F34C-17A4-435D-B41E-C3294C97CB32}.Release|Any CPU.Build.0 = Release|Any CPU
		{8F622068-2722-4C63-B5D6-E16D39BBC32C}.Debug|Any CPU.ActiveCfg = Debug|Any CPU
		{8F622068-2722-4C63-B5D6-E16D39BBC32C}.Debug|Any CPU.Build.0 = Debug|Any CPU
		{8F622068-2722-4C63-B5D6-E16D39BBC32C}.Release|Any CPU.ActiveCfg = Release|Any CPU
		{8F622068-2722-4C63-B5D6-E16D39BBC32C}.Release|Any CPU.Build.0 = Release|Any CPU
		{FBB940D3-6803-4E5B-A3F7-07057EF658EA}.Debug|Any CPU.ActiveCfg = Debug|Any CPU
		{FBB940D3-6803-4E5B-A3F7-07057EF658EA}.Debug|Any CPU.Build.0 = Debug|Any CPU
		{FBB940D3-6803-4E5B-A3F7-07057EF658EA}.Release|Any CPU.ActiveCfg = Release|Any CPU
		{FBB940D3-6803-4E5B-A3F7-07057EF658EA}.Release|Any CPU.Build.0 = Release|Any CPU
	EndGlobalSection
	GlobalSection(NestedProjects) = preSolution
		{8F622068-2722-4C63-B5D6-E16D39BBC32C} = {49CECB64-3528-42B0-B8AA-E2CD8EE60A63}
		{FBB940D3-6803-4E5B-A3F7-07057EF658EA} = {49CECB64-3528-42B0-B8AA-E2CD8EE60A63}
	EndGlobalSection
EndGlobal
