
Microsoft Visual Studio Solution File, Format Version 12.00
Project("{FAE04EC0-301F-11D3-BF4B-00C04F79EFBC}") = "WinPass.UI", "WinPass.UI\WinPass.UI.csproj", "{DE03F34C-17A4-435D-B41E-C3294C97CB32}"
EndProject
Global
	GlobalSection(SolutionConfigurationPlatforms) = preSolution
		Debug|Any CPU = Debug|Any CPU
		Release|Any CPU = Release|Any CPU
	EndGlobalSection
	GlobalSection(ProjectConfigurationPlatforms) = postSolution
		{DE03F34C-17A4-435D-B41E-C3294C97CB32}.Debug|Any CPU.ActiveCfg = Debug|Any CPU
		{DE03F34C-17A4-435D-B41E-C3294C97CB32}.Debug|Any CPU.Build.0 = Debug|Any CPU
		{DE03F34C-17A4-435D-B41E-C3294C97CB32}.Release|Any CPU.ActiveCfg = Release|Any CPU
		{DE03F34C-17A4-435D-B41E-C3294C97CB32}.Release|Any CPU.Build.0 = Release|Any CPU
	EndGlobalSection
EndGlobal
